// !$*UTF8*$!
{
	archiveVersion = 1;
	classes = {
	};
	objectVersion = 48;
	objects = {

/* Begin PBXBuildFile section */
		829E0CD5204F44A000D733C1 /* AppDelegate.swift in Sources */ = {isa = PBXBuildFile; fileRef = 829E0CD4204F44A000D733C1 /* AppDelegate.swift */; };
		829E0CD7204F44A000D733C1 /* ViewController.swift in Sources */ = {isa = PBXBuildFile; fileRef = 829E0CD6204F44A000D733C1 /* ViewController.swift */; };
		829E0CDA204F44A000D733C1 /* Main.storyboard in Resources */ = {isa = PBXBuildFile; fileRef = 829E0CD8204F44A000D733C1 /* Main.storyboard */; };
		829E0CDC204F44A000D733C1 /* Assets.xcassets in Resources */ = {isa = PBXBuildFile; fileRef = 829E0CDB204F44A000D733C1 /* Assets.xcassets */; };
		829E0CDF204F44A000D733C1 /* LaunchScreen.storyboard in Resources */ = {isa = PBXBuildFile; fileRef = 829E0CDD204F44A000D733C1 /* LaunchScreen.storyboard */; };
/* End PBXBuildFile section */

/* Begin PBXFileReference section */
		829E0CD1204F44A000D733C1 /* AddCalendarEvent.app */ = {isa = PBXFileReference; explicitFileType = wrapper.application; includeInIndex = 0; path = AddCalendarEvent.app; sourceTree = BUILT_PRODUCTS_DIR; };
		829E0CD4204F44A000D733C1 /* AppDelegate.swift */ = {isa = PBXFileReference; lastKnownFileType = sourcecode.swift; path = AppDelegate.swift; sourceTree = "<group>"; };
		829E0CD6204F44A000D733C1 /* ViewController.swift */ = {isa = PBXFileReference; lastKnownFileType = sourcecode.swift; path = ViewController.swift; sourceTree = "<group>"; };
		829E0CD9204F44A000D733C1 /* Base */ = {isa = PBXFileReference; lastKnownFileType = file.storyboard; name = Base; path = Base.lproj/Main.storyboard; sourceTree = "<group>"; };
		829E0CDB204F44A000D733C1 /* Assets.xcassets */ = {isa = PBXFileReference; lastKnownFileType = folder.assetcatalog; path = Assets.xcassets; sourceTree = "<group>"; };
		829E0CDE204F44A000D733C1 /* Base */ = {isa = PBXFileReference; lastKnownFileType = file.storyboard; name = Base; path = Base.lproj/LaunchScreen.storyboard; sourceTree = "<group>"; };
		829E0CE0204F44A000D733C1 /* Info.plist */ = {isa = PBXFileReference; lastKnownFileType = text.plist.xml; path = Info.plist; sourceTree = "<group>"; };
/* End PBXFileReference section */

/* Begin PBXFrameworksBuildPhase section */
		829E0CCE204F44A000D733C1 /* Frameworks */ = {
			isa = PBXFrameworksBuildPhase;
			buildActionMask = 2147483647;
			files = (
			);
			runOnlyForDeploymentPostprocessing = 0;
		};
/* End PBXFrameworksBuildPhase section */

/* Begin PBXGroup section */
		829E0CC8204F44A000D733C1 = {
			isa = PBXGroup;
			children = (
				829E0CD3204F44A000D733C1 /* AddCalendarEvent */,
				829E0CD2204F44A000D733C1 /* Products */,
			);
			sourceTree = "<group>";
		};
		829E0CD2204F44A000D733C1 /* Products */ = {
			isa = PBXGroup;
			children = (
				829E0CD1204F44A000D733C1 /* AddCalendarEvent.app */,
			);
			name = Products;
			sourceTree = "<group>";
		};
		829E0CD3204F44A000D733C1 /* AddCalendarEvent */ = {
			isa = PBXGroup;
			children = (
				829E0CD4204F44A000D733C1 /* AppDelegate.swift */,
				829E0CD6204F44A000D733C1 /* ViewController.swift */,
				829E0CD8204F44A000D733C1 /* Main.storyboard */,
				829E0CDB204F44A000D733C1 /* Assets.xcassets */,
				829E0CDD204F44A000D733C1 /* LaunchScreen.storyboard */,
				829E0CE0204F44A000D733C1 /* Info.plist */,
			);
			path = AddCalendarEvent;
			sourceTree = "<group>";
		};
/* End PBXGroup section */

/* Begin PBXNativeTarget section */
		829E0CD0204F44A000D733C1 /* AddCalendarEvent */ = {
			isa = PBXNativeTarget;
			buildConfigurationList = 829E0CE3204F44A000D733C1 /* Build configuration list for PBXNativeTarget "AddCalendarEvent" */;
			buildPhases = (
				829E0CCD204F44A000D733C1 /* Sources */,
				829E0CCE204F44A000D733C1 /* Frameworks */,
				829E0CCF204F44A000D733C1 /* Resources */,
			);
			buildRules = (
			);
			dependencies = (
			);
			name = AddCalendarEvent;
			productName = AddCalendarEvent;
			productReference = 829E0CD1204F44A000D733C1 /* AddCalendarEvent.app */;
			productType = "com.apple.product-type.application";
		};
/* End PBXNativeTarget section */

/* Begin PBXProject section */
		829E0CC9204F44A000D733C1 /* Project object */ = {
			isa = PBXProject;
			attributes = {
				LastSwiftUpdateCheck = 0920;
				LastUpgradeCheck = 0920;
				ORGANIZATIONNAME = "Marco Antonio Gutierrez López";
				TargetAttributes = {
					829E0CD0204F44A000D733C1 = {
						CreatedOnToolsVersion = 9.2;
						ProvisioningStyle = Automatic;
					};
				};
			};
			buildConfigurationList = 829E0CCC204F44A000D733C1 /* Build configuration list for PBXProject "AddCalendarEvent" */;
			compatibilityVersion = "Xcode 8.0";
			developmentRegion = en;
			hasScannedForEncodings = 0;
			knownRegions = (
				en,
				Base,
			);
			mainGroup = 829E0CC8204F44A000D733C1;
			productRefGroup = 829E0CD2204F44A000D733C1 /* Products */;
			projectDirPath = "";
			projectRoot = "";
			targets = (
				829E0CD0204F44A000D733C1 /* AddCalendarEvent */,
			);
		};
/* End PBXProject section */

/* Begin PBXResourcesBuildPhase section */
		829E0CCF204F44A000D733C1 /* Resources */ = {
			isa = PBXResourcesBuildPhase;
			buildActionMask = 2147483647;
			files = (
				829E0CDF204F44A000D733C1 /* LaunchScreen.storyboard in Resources */,
				829E0CDC204F44A000D733C1 /* Assets.xcassets in Resources */,
				829E0CDA204F44A000D733C1 /* Main.storyboard in Resources */,
			);
			runOnlyForDeploymentPostprocessing = 0;
		};
/* End PBXResourcesBuildPhase section */

/* Begin PBXSourcesBuildPhase section */
		829E0CCD204F44A000D733C1 /* Sources */ = {
			isa = PBXSourcesBuildPhase;
			buildActionMask = 2147483647;
			files = (
				829E0CD7204F44A000D733C1 /* ViewController.swift in Sources */,
				829E0CD5204F44A000D733C1 /* AppDelegate.swift in Sources */,
			);
			runOnlyForDeploymentPostprocessing = 0;
		};
/* End PBXSourcesBuildPhase section */

/* Begin PBXVariantGroup section */
		829E0CD8204F44A000D733C1 /* Main.storyboard */ = {
			isa = PBXVariantGroup;
			children = (
				829E0CD9204F44A000D733C1 /* Base */,
			);
			name = Main.storyboard;
			sourceTree = "<group>";
		};
		829E0CDD204F44A000D733C1 /* LaunchScreen.storyboard */ = {
			isa = PBXVariantGroup;
			children = (
				829E0CDE204F44A000D733C1 /* Base */,
			);
			name = LaunchScreen.storyboard;
			sourceTree = "<group>";
		};
/* End PBXVariantGroup section */

/* Begin XCBuildConfiguration section */
		829E0CE1204F44A000D733C1 /* Debug */ = {
			isa = XCBuildConfiguration;
			buildSettings = {
				ALWAYS_SEARCH_USER_PATHS = NO;
				CLANG_ANALYZER_NONNULL = YES;
				CLANG_ANALYZER_NUMBER_OBJECT_CONVERSION = YES_AGGRESSIVE;
				CLANG_CXX_LANGUAGE_STANDARD = "gnu++14";
				CLANG_CXX_LIBRARY = "libc++";
				CLANG_ENABLE_MODULES = YES;
				CLANG_ENABLE_OBJC_ARC = YES;
				CLANG_WARN_BLOCK_CAPTURE_AUTORELEASING = YES;
				CLANG_WARN_BOOL_CONVERSION = YES;
				CLANG_WARN_COMMA = YES;
				CLANG_WARN_CONSTANT_CONVERSION = YES;
				CLANG_WARN_DIRECT_OBJC_ISA_USAGE = YES_ERROR;
				CLANG_WARN_DOCUMENTATION_COMMENTS = YES;
				CLANG_WARN_EMPTY_BODY = YES;
				CLANG_WARN_ENUM_CONVERSION = YES;
				CLANG_WARN_INFINITE_RECURSION = YES;
				CLANG_WARN_INT_CONVERSION = YES;
				CLANG_WARN_NON_LITERAL_NULL_CONVERSION = YES;
				CLANG_WARN_OBJC_LITERAL_CONVERSION = YES;
				CLANG_WARN_OBJC_ROOT_CLASS = YES_ERROR;
				CLANG_WARN_RANGE_LOOP_ANALYSIS = YES;
				CLANG_WARN_STRICT_PROTOTYPES = YES;
				CLANG_WARN_SUSPICIOUS_MOVE = YES;
				CLANG_WARN_UNGUARDED_AVAILABILITY = YES_AGGRESSIVE;
				CLANG_WARN_UNREACHABLE_CODE = YES;
				CLANG_WARN__DUPLICATE_METHOD_MATCH = YES;
				CODE_SIGN_IDENTITY = "iPhone Developer";
				COPY_PHASE_STRIP = NO;
				DEBUG_INFORMATION_FORMAT = dwarf;
				ENABLE_STRICT_OBJC_MSGSEND = YES;
				ENABLE_TESTABILITY = YES;
				GCC_C_LANGUAGE_STANDARD = gnu11;
				GCC_DYNAMIC_NO_PIC = NO;
				GCC_NO_COMMON_BLOCKS = YES;
				GCC_OPTIMIZATION_LEVEL = 0;
				GCC_PREPROCESSOR_DEFINITIONS = (
					"DEBUG=1",
					"$(inherited)",
				);
				GCC_WARN_64_TO_32_BIT_CONVERSION = YES;
				GCC_WARN_ABOUT_RETURN_TYPE = YES_ERROR;
				GCC_WARN_UNDECLARED_SELECTOR = YES;
				GCC_WARN_UNINITIALIZED_AUTOS = YES_AGGRESSIVE;
				GCC_WARN_UNUSED_FUNCTION = YES;
				GCC_WARN_UNUSED_VARIABLE = YES;
				IPHONEOS_DEPLOYMENT_TARGET = 11.2;
				MTL_ENABLE_DEBUG_INFO = YES;
				ONLY_ACTIVE_ARCH = YES;
				SDKROOT = iphoneos;
				SWIFT_ACTIVE_COMPILATION_CONDITIONS = DEBUG;
				SWIFT_OPTIMIZATION_LEVEL = "-Onone";
			};
			name = Debug;
		};
		829E0CE2204F44A000D733C1 /* Release */ = {
			isa = XCBuildConfiguration;
			buildSettings = {
				ALWAYS_SEARCH_USER_PATHS = NO;
				CLANG_ANALYZER_NONNULL = YES;
				CLANG_ANALYZER_NUMBER_OBJECT_CONVERSION = YES_AGGRESSIVE;
				CLANG_CXX_LANGUAGE_STANDARD = "gnu++14";
				CLANG_CXX_LIBRARY = "libc++";
				CLANG_ENABLE_MODULES = YES;
				CLANG_ENABLE_OBJC_ARC = YES;
				CLANG_WARN_BLOCK_CAPTURE_AUTORELEASING = YES;
				CLANG_WARN_BOOL_CONVERSION = YES;
				CLANG_WARN_COMMA = YES;
				CLANG_WARN_CONSTANT_CONVERSION = YES;
				CLANG_WARN_DIRECT_OBJC_ISA_USAGE = YES_ERROR;
				CLANG_WARN_DOCUMENTATION_COMMENTS = YES;
				CLANG_WARN_EMPTY_BODY = YES;
				CLANG_WARN_ENUM_CONVERSION = YES;
				CLANG_WARN_INFINITE_RECURSION = YES;
				CLANG_WARN_INT_CONVERSION = YES;
				CLANG_WARN_NON_LITERAL_NULL_CONVERSION = YES;
				CLANG_WARN_OBJC_LITERAL_CONVERSION = YES;
				CLANG_WARN_OBJC_ROOT_CLASS = YES_ERROR;
				CLANG_WARN_RANGE_LOOP_ANALYSIS = YES;
				CLANG_WARN_STRICT_PROTOTYPES = YES;
				CLANG_WARN_SUSPICIOUS_MOVE = YES;
				CLANG_WARN_UNGUARDED_AVAILABILITY = YES_AGGRESSIVE;
				CLANG_WARN_UNREACHABLE_CODE = YES;
				CLANG_WARN__DUPLICATE_METHOD_MATCH = YES;
				CODE_SIGN_IDENTITY = "iPhone Developer";
				COPY_PHASE_STRIP = NO;
				DEBUG_INFORMATION_FORMAT = "dwarf-with-dsym";
				ENABLE_NS_ASSERTIONS = NO;
				ENABLE_STRICT_OBJC_MSGSEND = YES;
				GCC_C_LANGUAGE_STANDARD = gnu11;
				GCC_NO_COMMON_BLOCKS = YES;
				GCC_WARN_64_TO_32_BIT_CONVERSION = YES;
				GCC_WARN_ABOUT_RETURN_TYPE = YES_ERROR;
				GCC_WARN_UNDECLARED_SELECTOR = YES;
				GCC_WARN_UNINITIALIZED_AUTOS = YES_AGGRESSIVE;
				GCC_WARN_UNUSED_FUNCTION = YES;
				GCC_WARN_UNUSED_VARIABLE = YES;
				IPHONEOS_DEPLOYMENT_TARGET = 11.2;
				MTL_ENABLE_DEBUG_INFO = NO;
				SDKROOT = iphoneos;
				SWIFT_OPTIMIZATION_LEVEL = "-Owholemodule";
				VALIDATE_PRODUCT = YES;
			};
			name = Release;
		};
		829E0CE4204F44A000D733C1 /* Debug */ = {
			isa = XCBuildConfiguration;
			buildSettings = {
				ASSETCATALOG_COMPILER_APPICON_NAME = AppIcon;
				CODE_SIGN_STYLE = Automatic;
				DEVELOPMENT_TEAM = 5MYGPDY4JF;
				INFOPLIST_FILE = AddCalendarEvent/Info.plist;
				LD_RUNPATH_SEARCH_PATHS = "$(inherited) @executable_path/Frameworks";
				PRODUCT_BUNDLE_IDENTIFIER = magurgg.AddCalendarEvent;
				PRODUCT_NAME = "$(TARGET_NAME)";
				SWIFT_VERSION = 4.0;
				TARGETED_DEVICE_FAMILY = "1,2";
			};
			name = Debug;
		};
		829E0CE5204F44A000D733C1 /* Release */ = {
			isa = XCBuildConfiguration;
			buildSettings = {
				ASSETCATALOG_COMPILER_APPICON_NAME = AppIcon;
				CODE_SIGN_STYLE = Automatic;
				DEVELOPMENT_TEAM = 5MYGPDY4JF;
				INFOPLIST_FILE = AddCalendarEvent/Info.plist;
				LD_RUNPATH_SEARCH_PATHS = "$(inherited) @executable_path/Frameworks";
				PRODUCT_BUNDLE_IDENTIFIER = magurgg.AddCalendarEvent;
				PRODUCT_NAME = "$(TARGET_NAME)";
				SWIFT_VERSION = 4.0;
				TARGETED_DEVICE_FAMILY = "1,2";
			};
			name = Release;
		};
/* End XCBuildConfiguration section */

/* Begin XCConfigurationList section */
		829E0CCC204F44A000D733C1 /* Build configuration list for PBXProject "AddCalendarEvent" */ = {
			isa = XCConfigurationList;
			buildConfigurations = (
				829E0CE1204F44A000D733C1 /* Debug */,
				829E0CE2204F44A000D733C1 /* Release */,
			);
			defaultConfigurationIsVisible = 0;
			defaultConfigurationName = Release;
		};
		829E0CE3204F44A000D733C1 /* Build configuration list for PBXNativeTarget "AddCalendarEvent" */ = {
			isa = XCConfigurationList;
			buildConfigurations = (
				829E0CE4204F44A000D733C1 /* Debug */,
				829E0CE5204F44A000D733C1 /* Release */,
			);
			defaultConfigurationIsVisible = 0;
			defaultConfigurationName = Release;
		};
/* End XCConfigurationList section */
	};
	rootObject = 829E0CC9204F44A000D733C1 /* Project object */;
}
